
Microsoft Visual Studio Solution File, Format Version 12.00
# Visual Studio 15
VisualStudioVersion = 15.0.28307.421
MinimumVisualStudioVersion = 10.0.40219.1
Project("{8BC9CEB8-8B4A-11D0-8D11-00A0C91BC942}") = "commDLL", "commDLL\commDLL.vcxproj", "{4440888D-1BCA-4F08-98A1-93681BEB88B4}"
EndProject
Project("{8BC9CEB8-8B4A-11D0-8D11-00A0C91BC942}") = "game", "game\game.vcxproj", "{8A904877-0FC4-4D37-826D-37516B6C2DA3}"
EndProject
Project("{8BC9CEB8-8B4A-11D0-8D11-00A0C91BC942}") = "server", "server\server.vcxproj", "{D8DA58D0-BFA7-4C04-980B-9164A97468BC}"
EndProject
Global
	GlobalSection(SolutionConfigurationPlatforms) = preSolution
		Debug|x64 = Debug|x64
		Debug|x86 = Debug|x86
		Release|x64 = Release|x64
		Release|x86 = Release|x86
	EndGlobalSection
	GlobalSection(ProjectConfigurationPlatforms) = postSolution
		{4440888D-1BCA-4F08-98A1-93681BEB88B4}.Debug|x64.ActiveCfg = Debug|x64
		{4440888D-1BCA-4F08-98A1-93681BEB88B4}.Debug|x64.Build.0 = Debug|x64
		{4440888D-1BCA-4F08-98A1-93681BEB88B4}.Debug|x86.ActiveCfg = Debug|Win32
		{4440888D-1BCA-4F08-98A1-93681BEB88B4}.Debug|x86.Build.0 = Debug|Win32
		{4440888D-1BCA-4F08-98A1-93681BEB88B4}.Release|x64.ActiveCfg = Release|x64
		{4440888D-1BCA-4F08-98A1-93681BEB88B4}.Release|x64.Build.0 = Release|x64
		{4440888D-1BCA-4F08-98A1-93681BEB88B4}.Release|x86.ActiveCfg = Release|Win32
		{4440888D-1BCA-4F08-98A1-93681BEB88B4}.Release|x86.Build.0 = Release|Win32
		{8A904877-0FC4-4D37-826D-37516B6C2DA3}.Debug|x64.ActiveCfg = Debug|x64
		{8A904877-0FC4-4D37-826D-37516B6C2DA3}.Debug|x64.Build.0 = Debug|x64
		{8A904877-0FC4-4D37-826D-37516B6C2DA3}.Debug|x86.ActiveCfg = Debug|Win32
		{8A904877-0FC4-4D37-826D-37516B6C2DA3}.Debug|x86.Build.0 = Debug|Win32
		{8A904877-0FC4-4D37-826D-37516B6C2DA3}.Release|x64.ActiveCfg = Release|x64
		{8A904877-0FC4-4D37-826D-37516B6C2DA3}.Release|x64.Build.0 = Release|x64
		{8A904877-0FC4-4D37-826D-37516B6C2DA3}.Release|x86.ActiveCfg = Release|Win32
		{8A904877-0FC4-4D37-826D-37516B6C2DA3}.Release|x86.Build.0 = Release|Win32
		{D8DA58D0-BFA7-4C04-980B-9164A97468BC}.Debug|x64.ActiveCfg = Debug|x64
		{D8DA58D0-BFA7-4C04-980B-9164A97468BC}.Debug|x64.Build.0 = Debug|x64
		{D8DA58D0-BFA7-4C04-980B-9164A97468BC}.Debug|x86.ActiveCfg = Debug|Win32
		{D8DA58D0-BFA7-4C04-980B-9164A97468BC}.Debug|x86.Build.0 = Debug|Win32
		{D8DA58D0-BFA7-4C04-980B-9164A97468BC}.Release|x64.ActiveCfg = Release|x64
		{D8DA58D0-BFA7-4C04-980B-9164A97468BC}.Release|x64.Build.0 = Release|x64
		{D8DA58D0-BFA7-4C04-980B-9164A97468BC}.Release|x86.ActiveCfg = Release|Win32
		{D8DA58D0-BFA7-4C04-980B-9164A97468BC}.Release|x86.Build.0 = Release|Win32
	EndGlobalSection
	GlobalSection(SolutionProperties) = preSolution
		HideSolutionNode = FALSE
	EndGlobalSection
	GlobalSection(ExtensibilityGlobals) = postSolution
		SolutionGuid = {F63D7543-B3A2-43DF-BFFF-E14D013B12A5}
	EndGlobalSection
EndGlobal
